
Microsoft Visual Studio Solution File, Format Version 12.00
# Visual Studio 2013
VisualStudioVersion = 12.0.40629.0
MinimumVisualStudioVersion = 10.0.40219.1
Project("{FAE04EC0-301F-11D3-BF4B-00C04F79EFBC}") = "calculator", "calculator\calculator.csproj", "{8395D365-24F8-40FD-B8A8-AAAAE0122EB4}"
EndProject
Project("{FAE04EC0-301F-11D3-BF4B-00C04F79EFBC}") = "PluginContracts", "PluginContracts\PluginContracts.csproj", "{43C879D1-31AE-424F-91D1-92CF286D5497}"
EndProject
Project("{FAE04EC0-301F-11D3-BF4B-00C04F79EFBC}") = "SubOperation", "SubOperation\SubOperation.csproj", "{889B221C-DDF7-4F50-8F82-2E00EC231C64}"
EndProject
Global
	GlobalSection(SolutionConfigurationPlatforms) = preSolution
		Debug|Any CPU = Debug|Any CPU
		Release|Any CPU = Release|Any CPU
	EndGlobalSection
	GlobalSection(ProjectConfigurationPlatforms) = postSolution
		{8395D365-24F8-40FD-B8A8-AAAAE0122EB4}.Debug|Any CPU.ActiveCfg = Debug|Any CPU
		{8395D365-24F8-40FD-B8A8-AAAAE0122EB4}.Debug|Any CPU.Build.0 = Debug|Any CPU
		{8395D365-24F8-40FD-B8A8-AAAAE0122EB4}.Release|Any CPU.ActiveCfg = Release|Any CPU
		{8395D365-24F8-40FD-B8A8-AAAAE0122EB4}.Release|Any CPU.Build.0 = Release|Any CPU
		{43C879D1-31AE-424F-91D1-92CF286D5497}.Debug|Any CPU.ActiveCfg = Debug|Any CPU
		{43C879D1-31AE-424F-91D1-92CF286D5497}.Debug|Any CPU.Build.0 = Debug|Any CPU
		{43C879D1-31AE-424F-91D1-92CF286D5497}.Release|Any CPU.ActiveCfg = Release|Any CPU
		{43C879D1-31AE-424F-91D1-92CF286D5497}.Release|Any CPU.Build.0 = Release|Any CPU
		{889B221C-DDF7-4F50-8F82-2E00EC231C64}.Debug|Any CPU.ActiveCfg = Debug|Any CPU
		{889B221C-DDF7-4F50-8F82-2E00EC231C64}.Debug|Any CPU.Build.0 = Debug|Any CPU
		{889B221C-DDF7-4F50-8F82-2E00EC231C64}.Release|Any CPU.ActiveCfg = Release|Any CPU
		{889B221C-DDF7-4F50-8F82-2E00EC231C64}.Release|Any CPU.Build.0 = Release|Any CPU
	EndGlobalSection
	GlobalSection(SolutionProperties) = preSolution
		HideSolutionNode = FALSE
	EndGlobalSection
EndGlobal
